
Microsoft Visual Studio Solution File, Format Version 12.00
# Visual Studio Version 17
VisualStudioVersion = 17.3.32929.385
MinimumVisualStudioVersion = 10.0.40219.1
Project("{9A19103F-16F7-4668-BE54-9A1E7A4F7556}") = "ProyectoFDI.API.v2", "ProyectoFDI.API.v2\ProyectoFDI.API.v2.csproj", "{3B2F930E-7E4F-4ED8-B7F8-39DCABB8878D}"
EndProject
Global
	GlobalSection(SolutionConfigurationPlatforms) = preSolution
		Debug|Any CPU = Debug|Any CPU
		Release|Any CPU = Release|Any CPU
	EndGlobalSection
	GlobalSection(ProjectConfigurationPlatforms) = postSolution
		{3B2F930E-7E4F-4ED8-B7F8-39DCABB8878D}.Debug|Any CPU.ActiveCfg = Debug|Any CPU
		{3B2F930E-7E4F-4ED8-B7F8-39DCABB8878D}.Debug|Any CPU.Build.0 = Debug|Any CPU
		{3B2F930E-7E4F-4ED8-B7F8-39DCABB8878D}.Release|Any CPU.ActiveCfg = Release|Any CPU
		{3B2F930E-7E4F-4ED8-B7F8-39DCABB8878D}.Release|Any CPU.Build.0 = Release|Any CPU
	EndGlobalSection
	GlobalSection(SolutionProperties) = preSolution
		HideSolutionNode = FALSE
	EndGlobalSection
	GlobalSection(ExtensibilityGlobals) = postSolution
		SolutionGuid = {07767CB9-5020-43C3-8499-3E50902EEB40}
	EndGlobalSection
EndGlobal
